
Microsoft Visual Studio Solution File, Format Version 12.00
# Visual Studio 14
VisualStudioVersion = 14.0.25420.1
MinimumVisualStudioVersion = 10.0.40219.1
Project("{FAE04EC0-301F-11D3-BF4B-00C04F79EFBC}") = "WebApplication1", "WebApplication1\WebApplication1.csproj", "{911CC220-7EDC-4986-98D8-3245E35A84FE}"
EndProject
Project("{FAE04EC0-301F-11D3-BF4B-00C04F79EFBC}") = "WebApplication1.Tests", "WebApplication1.Tests\WebApplication1.Tests.csproj", "{108699B2-6A91-43C1-8C91-D1787EC9370F}"
EndProject
Global
	GlobalSection(SolutionConfigurationPlatforms) = preSolution
		Debug|Any CPU = Debug|Any CPU
		Release|Any CPU = Release|Any CPU
	EndGlobalSection
	GlobalSection(ProjectConfigurationPlatforms) = postSolution
		{911CC220-7EDC-4986-98D8-3245E35A84FE}.Debug|Any CPU.ActiveCfg = Debug|Any CPU
		{911CC220-7EDC-4986-98D8-3245E35A84FE}.Debug|Any CPU.Build.0 = Debug|Any CPU
		{911CC220-7EDC-4986-98D8-3245E35A84FE}.Release|Any CPU.ActiveCfg = Release|Any CPU
		{911CC220-7EDC-4986-98D8-3245E35A84FE}.Release|Any CPU.Build.0 = Release|Any CPU
		{108699B2-6A91-43C1-8C91-D1787EC9370F}.Debug|Any CPU.ActiveCfg = Debug|Any CPU
		{108699B2-6A91-43C1-8C91-D1787EC9370F}.Debug|Any CPU.Build.0 = Debug|Any CPU
		{108699B2-6A91-43C1-8C91-D1787EC9370F}.Release|Any CPU.ActiveCfg = Release|Any CPU
		{108699B2-6A91-43C1-8C91-D1787EC9370F}.Release|Any CPU.Build.0 = Release|Any CPU
	EndGlobalSection
	GlobalSection(SolutionProperties) = preSolution
		HideSolutionNode = FALSE
	EndGlobalSection
EndGlobal
